<?xml version="1.0" encoding="UTF-8"?>
<!DOCTYPE plist PUBLIC "-//Apple//DTD PLIST 1.0//EN" "http://www.apple.com/DTDs/PropertyList-1.0.dtd">
<plist version="1.0">
<dict>
	<key>archiveVersion</key>
	<string>1</string>
	<key>classes</key>
	<dict/>
	<key>objectVersion</key>
	<string>46</string>
	<key>objects</key>
	<dict>
		<key>1AF00180082C48C0A6129C97</key>
		<dict>
			<key>buildActionMask</key>
			<string>2147483647</string>
			<key>files</key>
			<array/>
			<key>inputPaths</key>
			<array/>
			<key>isa</key>
			<string>PBXShellScriptBuildPhase</string>
			<key>name</key>
			<string>Copy Pods Resources</string>
			<key>outputPaths</key>
			<array/>
			<key>runOnlyForDeploymentPostprocessing</key>
			<string>0</string>
			<key>shellPath</key>
			<string>/bin/sh</string>
			<key>shellScript</key>
			<string>"${SRCROOT}/Pods/Pods-PMUserDefaultsCacheExampleTests-resources.sh"
</string>
			<key>showEnvVarsInLog</key>
			<string>0</string>
		</dict>
		<key>56D856F4522A4E60A79AEE80</key>
		<dict>
			<key>explicitFileType</key>
			<string>archive.ar</string>
			<key>includeInIndex</key>
			<string>0</string>
			<key>isa</key>
			<string>PBXFileReference</string>
			<key>path</key>
			<string>libPods-PMUserDefaultsCacheExample.a</string>
			<key>sourceTree</key>
			<string>BUILT_PRODUCTS_DIR</string>
		</dict>
		<key>5F1F18DCCBE94368BEE2AC03</key>
		<dict>
			<key>buildActionMask</key>
			<string>2147483647</string>
			<key>files</key>
			<array/>
			<key>inputPaths</key>
			<array/>
			<key>isa</key>
			<string>PBXShellScriptBuildPhase</string>
			<key>name</key>
			<string>Copy Pods Resources</string>
			<key>outputPaths</key>
			<array/>
			<key>runOnlyForDeploymentPostprocessing</key>
			<string>0</string>
			<key>shellPath</key>
			<string>/bin/sh</string>
			<key>shellScript</key>
			<string>"${SRCROOT}/Pods/Pods-PMUserDefaultsCacheExample-resources.sh"
</string>
			<key>showEnvVarsInLog</key>
			<string>0</string>
		</dict>
		<key>7CA77A7E3F6B4299B0FE1E85</key>
		<dict>
			<key>includeInIndex</key>
			<string>1</string>
			<key>isa</key>
			<string>PBXFileReference</string>
			<key>lastKnownFileType</key>
			<string>text.xcconfig</string>
			<key>name</key>
			<string>Pods-PMUserDefaultsCacheExampleTests.xcconfig</string>
			<key>path</key>
			<string>Pods/Pods-PMUserDefaultsCacheExampleTests.xcconfig</string>
			<key>sourceTree</key>
			<string>&lt;group&gt;</string>
		</dict>
		<key>81C1AF3E0D6045F488624E92</key>
		<dict>
			<key>buildActionMask</key>
			<string>2147483647</string>
			<key>files</key>
			<array/>
			<key>inputPaths</key>
			<array/>
			<key>isa</key>
			<string>PBXShellScriptBuildPhase</string>
			<key>name</key>
			<string>Check Pods Manifest.lock</string>
			<key>outputPaths</key>
			<array/>
			<key>runOnlyForDeploymentPostprocessing</key>
			<string>0</string>
			<key>shellPath</key>
			<string>/bin/sh</string>
			<key>shellScript</key>
			<string>diff "${PODS_ROOT}/../Podfile.lock" "${PODS_ROOT}/Manifest.lock" &gt; /dev/null
if [[ $? != 0 ]] ; then
    cat &lt;&lt; EOM
error: The sandbox is not in sync with the Podfile.lock. Run 'pod install' or update your CocoaPods installation.
EOM
    exit 1
fi
</string>
			<key>showEnvVarsInLog</key>
			<string>0</string>
		</dict>
		<key>82A3F27770E14C0CAB2FAD02</key>
		<dict>
			<key>explicitFileType</key>
			<string>archive.ar</string>
			<key>includeInIndex</key>
			<string>0</string>
			<key>isa</key>
			<string>PBXFileReference</string>
			<key>path</key>
			<string>libPods-PMUserDefaultsCacheExampleTests.a</string>
			<key>sourceTree</key>
			<string>BUILT_PRODUCTS_DIR</string>
		</dict>
		<key>8A7A848F427E4D13825AB87E</key>
		<dict>
			<key>fileRef</key>
			<string>82A3F27770E14C0CAB2FAD02</string>
			<key>isa</key>
			<string>PBXBuildFile</string>
		</dict>
		<key>9A239E282105420ABDBB641D</key>
		<dict>
			<key>buildActionMask</key>
			<string>2147483647</string>
			<key>files</key>
			<array/>
			<key>inputPaths</key>
			<array/>
			<key>isa</key>
			<string>PBXShellScriptBuildPhase</string>
			<key>name</key>
			<string>Check Pods Manifest.lock</string>
			<key>outputPaths</key>
			<array/>
			<key>runOnlyForDeploymentPostprocessing</key>
			<string>0</string>
			<key>shellPath</key>
			<string>/bin/sh</string>
			<key>shellScript</key>
			<string>diff "${PODS_ROOT}/../Podfile.lock" "${PODS_ROOT}/Manifest.lock" &gt; /dev/null
if [[ $? != 0 ]] ; then
    cat &lt;&lt; EOM
error: The sandbox is not in sync with the Podfile.lock. Run 'pod install' or update your CocoaPods installation.
EOM
    exit 1
fi
</string>
			<key>showEnvVarsInLog</key>
			<string>0</string>
		</dict>
		<key>CE3DC6C9804C429A92760E1F</key>
		<dict>
			<key>includeInIndex</key>
			<string>1</string>
			<key>isa</key>
			<string>PBXFileReference</string>
			<key>lastKnownFileType</key>
			<string>text.xcconfig</string>
			<key>name</key>
			<string>Pods-PMUserDefaultsCacheExample.xcconfig</string>
			<key>path</key>
			<string>Pods/Pods-PMUserDefaultsCacheExample.xcconfig</string>
			<key>sourceTree</key>
			<string>&lt;group&gt;</string>
		</dict>
		<key>DA1B883E188EA47600B803D0</key>
		<dict>
			<key>children</key>
			<array>
				<string>DA1B8882188EA97600B803D0</string>
				<string>DA1B8850188EA47600B803D0</string>
				<string>DA1B8872188EA47600B803D0</string>
				<string>DA1B8849188EA47600B803D0</string>
				<string>DA1B8848188EA47600B803D0</string>
				<string>CE3DC6C9804C429A92760E1F</string>
				<string>7CA77A7E3F6B4299B0FE1E85</string>
			</array>
			<key>isa</key>
			<string>PBXGroup</string>
			<key>sourceTree</key>
			<string>&lt;group&gt;</string>
		</dict>
		<key>DA1B883F188EA47600B803D0</key>
		<dict>
			<key>attributes</key>
			<dict>
				<key>CLASSPREFIX</key>
				<string>PM</string>
				<key>LastUpgradeCheck</key>
				<string>0500</string>
				<key>ORGANIZATIONNAME</key>
				<string>PermanentMarkers</string>
				<key>TargetAttributes</key>
				<dict>
					<key>DA1B886A188EA47600B803D0</key>
					<dict>
						<key>TestTargetID</key>
						<string>DA1B8846188EA47600B803D0</string>
					</dict>
				</dict>
			</dict>
			<key>buildConfigurationList</key>
			<string>DA1B8842188EA47600B803D0</string>
			<key>compatibilityVersion</key>
			<string>Xcode 3.2</string>
			<key>developmentRegion</key>
			<string>English</string>
			<key>hasScannedForEncodings</key>
			<string>0</string>
			<key>isa</key>
			<string>PBXProject</string>
			<key>knownRegions</key>
			<array>
				<string>en</string>
				<string>Base</string>
			</array>
			<key>mainGroup</key>
			<string>DA1B883E188EA47600B803D0</string>
			<key>productRefGroup</key>
			<string>DA1B8848188EA47600B803D0</string>
			<key>projectDirPath</key>
			<string></string>
			<key>projectReferences</key>
			<array/>
			<key>projectRoot</key>
			<string></string>
			<key>targets</key>
			<array>
				<string>DA1B8846188EA47600B803D0</string>
				<string>DA1B886A188EA47600B803D0</string>
			</array>
		</dict>
		<key>DA1B8842188EA47600B803D0</key>
		<dict>
			<key>buildConfigurations</key>
			<array>
				<string>DA1B887A188EA47700B803D0</string>
				<string>DA1B887B188EA47700B803D0</string>
			</array>
			<key>defaultConfigurationIsVisible</key>
			<string>0</string>
			<key>defaultConfigurationName</key>
			<string>Release</string>
			<key>isa</key>
			<string>XCConfigurationList</string>
		</dict>
		<key>DA1B8843188EA47600B803D0</key>
		<dict>
			<key>buildActionMask</key>
			<string>2147483647</string>
			<key>files</key>
			<array>
				<string>DA1B8885188EA97600B803D0</string>
				<string>DA1B8857188EA47600B803D0</string>
				<string>DA1B8864188EA47600B803D0</string>
				<string>DA1B885B188EA47600B803D0</string>
			</array>
			<key>isa</key>
			<string>PBXSourcesBuildPhase</string>
			<key>runOnlyForDeploymentPostprocessing</key>
			<string>0</string>
		</dict>
		<key>DA1B8844188EA47600B803D0</key>
		<dict>
			<key>buildActionMask</key>
			<string>2147483647</string>
			<key>files</key>
			<array>
				<string>DA1B884D188EA47600B803D0</string>
				<string>DA1B884F188EA47600B803D0</string>
				<string>DA1B884B188EA47600B803D0</string>
				<string>F636601CDE1147A4A04E22CA</string>
			</array>
			<key>isa</key>
			<string>PBXFrameworksBuildPhase</string>
			<key>runOnlyForDeploymentPostprocessing</key>
			<string>0</string>
		</dict>
		<key>DA1B8845188EA47600B803D0</key>
		<dict>
			<key>buildActionMask</key>
			<string>2147483647</string>
			<key>files</key>
			<array>
				<string>DA1B8861188EA47600B803D0</string>
				<string>DA1B8866188EA47600B803D0</string>
				<string>DA1B885E188EA47600B803D0</string>
				<string>DA1B8855188EA47600B803D0</string>
			</array>
			<key>isa</key>
			<string>PBXResourcesBuildPhase</string>
			<key>runOnlyForDeploymentPostprocessing</key>
			<string>0</string>
		</dict>
		<key>DA1B8846188EA47600B803D0</key>
		<dict>
			<key>buildConfigurationList</key>
			<string>DA1B887C188EA47700B803D0</string>
			<key>buildPhases</key>
			<array>
				<string>9A239E282105420ABDBB641D</string>
				<string>DA1B8843188EA47600B803D0</string>
				<string>DA1B8844188EA47600B803D0</string>
				<string>DA1B8845188EA47600B803D0</string>
				<string>5F1F18DCCBE94368BEE2AC03</string>
			</array>
			<key>buildRules</key>
			<array/>
			<key>dependencies</key>
			<array/>
			<key>isa</key>
			<string>PBXNativeTarget</string>
			<key>name</key>
			<string>PMUserDefaultsCacheExample</string>
			<key>productName</key>
			<string>PMUserDefaultsCacheExample</string>
			<key>productReference</key>
			<string>DA1B8847188EA47600B803D0</string>
			<key>productType</key>
			<string>com.apple.product-type.application</string>
		</dict>
		<key>DA1B8847188EA47600B803D0</key>
		<dict>
			<key>explicitFileType</key>
			<string>wrapper.application</string>
			<key>includeInIndex</key>
			<string>0</string>
			<key>isa</key>
			<string>PBXFileReference</string>
			<key>path</key>
			<string>PMUserDefaultsCacheExample.app</string>
			<key>sourceTree</key>
			<string>BUILT_PRODUCTS_DIR</string>
		</dict>
		<key>DA1B8848188EA47600B803D0</key>
		<dict>
			<key>children</key>
			<array>
				<string>DA1B8847188EA47600B803D0</string>
				<string>DA1B886B188EA47600B803D0</string>
			</array>
			<key>isa</key>
			<string>PBXGroup</string>
			<key>name</key>
			<string>Products</string>
			<key>sourceTree</key>
			<string>&lt;group&gt;</string>
		</dict>
		<key>DA1B8849188EA47600B803D0</key>
		<dict>
			<key>children</key>
			<array>
				<string>DA1B884A188EA47600B803D0</string>
				<string>DA1B884C188EA47600B803D0</string>
				<string>DA1B884E188EA47600B803D0</string>
				<string>DA1B886C188EA47600B803D0</string>
				<string>56D856F4522A4E60A79AEE80</string>
				<string>82A3F27770E14C0CAB2FAD02</string>
			</array>
			<key>isa</key>
			<string>PBXGroup</string>
			<key>name</key>
			<string>Frameworks</string>
			<key>sourceTree</key>
			<string>&lt;group&gt;</string>
		</dict>
		<key>DA1B884A188EA47600B803D0</key>
		<dict>
			<key>isa</key>
			<string>PBXFileReference</string>
			<key>lastKnownFileType</key>
			<string>wrapper.framework</string>
			<key>name</key>
			<string>Foundation.framework</string>
			<key>path</key>
			<string>System/Library/Frameworks/Foundation.framework</string>
			<key>sourceTree</key>
			<string>SDKROOT</string>
		</dict>
		<key>DA1B884B188EA47600B803D0</key>
		<dict>
			<key>fileRef</key>
			<string>DA1B884A188EA47600B803D0</string>
			<key>isa</key>
			<string>PBXBuildFile</string>
		</dict>
		<key>DA1B884C188EA47600B803D0</key>
		<dict>
			<key>isa</key>
			<string>PBXFileReference</string>
			<key>lastKnownFileType</key>
			<string>wrapper.framework</string>
			<key>name</key>
			<string>CoreGraphics.framework</string>
			<key>path</key>
			<string>System/Library/Frameworks/CoreGraphics.framework</string>
			<key>sourceTree</key>
			<string>SDKROOT</string>
		</dict>
		<key>DA1B884D188EA47600B803D0</key>
		<dict>
			<key>fileRef</key>
			<string>DA1B884C188EA47600B803D0</string>
			<key>isa</key>
			<string>PBXBuildFile</string>
		</dict>
		<key>DA1B884E188EA47600B803D0</key>
		<dict>
			<key>isa</key>
			<string>PBXFileReference</string>
			<key>lastKnownFileType</key>
			<string>wrapper.framework</string>
			<key>name</key>
			<string>UIKit.framework</string>
			<key>path</key>
			<string>System/Library/Frameworks/UIKit.framework</string>
			<key>sourceTree</key>
			<string>SDKROOT</string>
		</dict>
		<key>DA1B884F188EA47600B803D0</key>
		<dict>
			<key>fileRef</key>
			<string>DA1B884E188EA47600B803D0</string>
			<key>isa</key>
			<string>PBXBuildFile</string>
		</dict>
		<key>DA1B8850188EA47600B803D0</key>
		<dict>
			<key>children</key>
			<array>
				<string>DA1B8859188EA47600B803D0</string>
				<string>DA1B885A188EA47600B803D0</string>
				<string>DA1B885C188EA47600B803D0</string>
				<string>DA1B885F188EA47600B803D0</string>
				<string>DA1B8862188EA47600B803D0</string>
				<string>DA1B8863188EA47600B803D0</string>
				<string>DA1B8865188EA47600B803D0</string>
				<string>DA1B8851188EA47600B803D0</string>
			</array>
			<key>isa</key>
			<string>PBXGroup</string>
			<key>path</key>
			<string>PMUserDefaultsCacheExample</string>
			<key>sourceTree</key>
			<string>&lt;group&gt;</string>
		</dict>
		<key>DA1B8851188EA47600B803D0</key>
		<dict>
			<key>children</key>
			<array>
				<string>DA1B8852188EA47600B803D0</string>
				<string>DA1B8853188EA47600B803D0</string>
				<string>DA1B8856188EA47600B803D0</string>
				<string>DA1B8858188EA47600B803D0</string>
			</array>
			<key>isa</key>
			<string>PBXGroup</string>
			<key>name</key>
			<string>Supporting Files</string>
			<key>sourceTree</key>
			<string>&lt;group&gt;</string>
		</dict>
		<key>DA1B8852188EA47600B803D0</key>
		<dict>
			<key>isa</key>
			<string>PBXFileReference</string>
			<key>lastKnownFileType</key>
			<string>text.plist.xml</string>
			<key>path</key>
			<string>PMUserDefaultsCacheExample-Info.plist</string>
			<key>sourceTree</key>
			<string>&lt;group&gt;</string>
		</dict>
		<key>DA1B8853188EA47600B803D0</key>
		<dict>
			<key>children</key>
			<array>
				<string>DA1B8854188EA47600B803D0</string>
			</array>
			<key>isa</key>
			<string>PBXVariantGroup</string>
			<key>name</key>
			<string>InfoPlist.strings</string>
			<key>sourceTree</key>
			<string>&lt;group&gt;</string>
		</dict>
		<key>DA1B8854188EA47600B803D0</key>
		<dict>
			<key>isa</key>
			<string>PBXFileReference</string>
			<key>lastKnownFileType</key>
			<string>text.plist.strings</string>
			<key>name</key>
			<string>en</string>
			<key>path</key>
			<string>en.lproj/InfoPlist.strings</string>
			<key>sourceTree</key>
			<string>&lt;group&gt;</string>
		</dict>
		<key>DA1B8855188EA47600B803D0</key>
		<dict>
			<key>fileRef</key>
			<string>DA1B8853188EA47600B803D0</string>
			<key>isa</key>
			<string>PBXBuildFile</string>
		</dict>
		<key>DA1B8856188EA47600B803D0</key>
		<dict>
			<key>isa</key>
			<string>PBXFileReference</string>
			<key>lastKnownFileType</key>
			<string>sourcecode.c.objc</string>
			<key>path</key>
			<string>main.m</string>
			<key>sourceTree</key>
			<string>&lt;group&gt;</string>
		</dict>
		<key>DA1B8857188EA47600B803D0</key>
		<dict>
			<key>fileRef</key>
			<string>DA1B8856188EA47600B803D0</string>
			<key>isa</key>
			<string>PBXBuildFile</string>
		</dict>
		<key>DA1B8858188EA47600B803D0</key>
		<dict>
			<key>isa</key>
			<string>PBXFileReference</string>
			<key>lastKnownFileType</key>
			<string>sourcecode.c.h</string>
			<key>path</key>
			<string>PMUserDefaultsCacheExample-Prefix.pch</string>
			<key>sourceTree</key>
			<string>&lt;group&gt;</string>
		</dict>
		<key>DA1B8859188EA47600B803D0</key>
		<dict>
			<key>isa</key>
			<string>PBXFileReference</string>
			<key>lastKnownFileType</key>
			<string>sourcecode.c.h</string>
			<key>path</key>
			<string>PMAppDelegate.h</string>
			<key>sourceTree</key>
			<string>&lt;group&gt;</string>
		</dict>
		<key>DA1B885A188EA47600B803D0</key>
		<dict>
			<key>isa</key>
			<string>PBXFileReference</string>
			<key>lastKnownFileType</key>
			<string>sourcecode.c.objc</string>
			<key>path</key>
			<string>PMAppDelegate.m</string>
			<key>sourceTree</key>
			<string>&lt;group&gt;</string>
		</dict>
		<key>DA1B885B188EA47600B803D0</key>
		<dict>
			<key>fileRef</key>
			<string>DA1B885A188EA47600B803D0</string>
			<key>isa</key>
			<string>PBXBuildFile</string>
		</dict>
		<key>DA1B885C188EA47600B803D0</key>
		<dict>
			<key>children</key>
			<array>
				<string>DA1B885D188EA47600B803D0</string>
			</array>
			<key>isa</key>
			<string>PBXVariantGroup</string>
			<key>name</key>
			<string>Main_iPhone.storyboard</string>
			<key>sourceTree</key>
			<string>&lt;group&gt;</string>
		</dict>
		<key>DA1B885D188EA47600B803D0</key>
		<dict>
			<key>isa</key>
			<string>PBXFileReference</string>
			<key>lastKnownFileType</key>
			<string>file.storyboard</string>
			<key>name</key>
			<string>Base</string>
			<key>path</key>
			<string>Base.lproj/Main_iPhone.storyboard</string>
			<key>sourceTree</key>
			<string>&lt;group&gt;</string>
		</dict>
		<key>DA1B885E188EA47600B803D0</key>
		<dict>
			<key>fileRef</key>
			<string>DA1B885C188EA47600B803D0</string>
			<key>isa</key>
			<string>PBXBuildFile</string>
		</dict>
		<key>DA1B885F188EA47600B803D0</key>
		<dict>
			<key>children</key>
			<array>
				<string>DA1B8860188EA47600B803D0</string>
			</array>
			<key>isa</key>
			<string>PBXVariantGroup</string>
			<key>name</key>
			<string>Main_iPad.storyboard</string>
			<key>sourceTree</key>
			<string>&lt;group&gt;</string>
		</dict>
		<key>DA1B8860188EA47600B803D0</key>
		<dict>
			<key>isa</key>
			<string>PBXFileReference</string>
			<key>lastKnownFileType</key>
			<string>file.storyboard</string>
			<key>name</key>
			<string>Base</string>
			<key>path</key>
			<string>Base.lproj/Main_iPad.storyboard</string>
			<key>sourceTree</key>
			<string>&lt;group&gt;</string>
		</dict>
		<key>DA1B8861188EA47600B803D0</key>
		<dict>
			<key>fileRef</key>
			<string>DA1B885F188EA47600B803D0</string>
			<key>isa</key>
			<string>PBXBuildFile</string>
		</dict>
		<key>DA1B8862188EA47600B803D0</key>
		<dict>
			<key>isa</key>
			<string>PBXFileReference</string>
			<key>lastKnownFileType</key>
			<string>sourcecode.c.h</string>
			<key>path</key>
			<string>PMViewController.h</string>
			<key>sourceTree</key>
			<string>&lt;group&gt;</string>
		</dict>
		<key>DA1B8863188EA47600B803D0</key>
		<dict>
			<key>isa</key>
			<string>PBXFileReference</string>
			<key>lastKnownFileType</key>
			<string>sourcecode.c.objc</string>
			<key>path</key>
			<string>PMViewController.m</string>
			<key>sourceTree</key>
			<string>&lt;group&gt;</string>
		</dict>
		<key>DA1B8864188EA47600B803D0</key>
		<dict>
			<key>fileRef</key>
			<string>DA1B8863188EA47600B803D0</string>
			<key>isa</key>
			<string>PBXBuildFile</string>
		</dict>
		<key>DA1B8865188EA47600B803D0</key>
		<dict>
			<key>isa</key>
			<string>PBXFileReference</string>
			<key>lastKnownFileType</key>
			<string>folder.assetcatalog</string>
			<key>path</key>
			<string>Images.xcassets</string>
			<key>sourceTree</key>
			<string>&lt;group&gt;</string>
		</dict>
		<key>DA1B8866188EA47600B803D0</key>
		<dict>
			<key>fileRef</key>
			<string>DA1B8865188EA47600B803D0</string>
			<key>isa</key>
			<string>PBXBuildFile</string>
		</dict>
		<key>DA1B8867188EA47600B803D0</key>
		<dict>
			<key>buildActionMask</key>
			<string>2147483647</string>
			<key>files</key>
			<array>
				<string>DA1B8879188EA47600B803D0</string>
			</array>
			<key>isa</key>
			<string>PBXSourcesBuildPhase</string>
			<key>runOnlyForDeploymentPostprocessing</key>
			<string>0</string>
		</dict>
		<key>DA1B8868188EA47600B803D0</key>
		<dict>
			<key>buildActionMask</key>
			<string>2147483647</string>
			<key>files</key>
			<array>
				<string>DA1B886D188EA47600B803D0</string>
				<string>DA1B886F188EA47600B803D0</string>
				<string>DA1B886E188EA47600B803D0</string>
				<string>8A7A848F427E4D13825AB87E</string>
			</array>
			<key>isa</key>
			<string>PBXFrameworksBuildPhase</string>
			<key>runOnlyForDeploymentPostprocessing</key>
			<string>0</string>
		</dict>
		<key>DA1B8869188EA47600B803D0</key>
		<dict>
			<key>buildActionMask</key>
			<string>2147483647</string>
			<key>files</key>
			<array>
				<string>DA1B8877188EA47600B803D0</string>
			</array>
			<key>isa</key>
			<string>PBXResourcesBuildPhase</string>
			<key>runOnlyForDeploymentPostprocessing</key>
			<string>0</string>
		</dict>
		<key>DA1B886A188EA47600B803D0</key>
		<dict>
			<key>buildConfigurationList</key>
			<string>DA1B887F188EA47700B803D0</string>
			<key>buildPhases</key>
			<array>
				<string>81C1AF3E0D6045F488624E92</string>
				<string>DA1B8867188EA47600B803D0</string>
				<string>DA1B8868188EA47600B803D0</string>
				<string>DA1B8869188EA47600B803D0</string>
				<string>1AF00180082C48C0A6129C97</string>
			</array>
			<key>buildRules</key>
			<array/>
			<key>dependencies</key>
			<array>
				<string>DA1B8871188EA47600B803D0</string>
			</array>
			<key>isa</key>
			<string>PBXNativeTarget</string>
			<key>name</key>
			<string>PMUserDefaultsCacheExampleTests</string>
			<key>productName</key>
			<string>PMUserDefaultsCacheExampleTests</string>
			<key>productReference</key>
			<string>DA1B886B188EA47600B803D0</string>
			<key>productType</key>
			<string>com.apple.product-type.bundle.unit-test</string>
		</dict>
		<key>DA1B886B188EA47600B803D0</key>
		<dict>
			<key>explicitFileType</key>
			<string>wrapper.cfbundle</string>
			<key>includeInIndex</key>
			<string>0</string>
			<key>isa</key>
			<string>PBXFileReference</string>
			<key>path</key>
			<string>PMUserDefaultsCacheExampleTests.xctest</string>
			<key>sourceTree</key>
			<string>BUILT_PRODUCTS_DIR</string>
		</dict>
		<key>DA1B886C188EA47600B803D0</key>
		<dict>
			<key>isa</key>
			<string>PBXFileReference</string>
			<key>lastKnownFileType</key>
			<string>wrapper.framework</string>
			<key>name</key>
			<string>XCTest.framework</string>
			<key>path</key>
			<string>Library/Frameworks/XCTest.framework</string>
			<key>sourceTree</key>
			<string>DEVELOPER_DIR</string>
		</dict>
		<key>DA1B886D188EA47600B803D0</key>
		<dict>
			<key>fileRef</key>
			<string>DA1B886C188EA47600B803D0</string>
			<key>isa</key>
			<string>PBXBuildFile</string>
		</dict>
		<key>DA1B886E188EA47600B803D0</key>
		<dict>
			<key>fileRef</key>
			<string>DA1B884A188EA47600B803D0</string>
			<key>isa</key>
			<string>PBXBuildFile</string>
		</dict>
		<key>DA1B886F188EA47600B803D0</key>
		<dict>
			<key>fileRef</key>
			<string>DA1B884E188EA47600B803D0</string>
			<key>isa</key>
			<string>PBXBuildFile</string>
		</dict>
		<key>DA1B8870188EA47600B803D0</key>
		<dict>
			<key>containerPortal</key>
			<string>DA1B883F188EA47600B803D0</string>
			<key>isa</key>
			<string>PBXContainerItemProxy</string>
			<key>proxyType</key>
			<string>1</string>
			<key>remoteGlobalIDString</key>
			<string>DA1B8846188EA47600B803D0</string>
			<key>remoteInfo</key>
			<string>PMUserDefaultsCacheExample</string>
		</dict>
		<key>DA1B8871188EA47600B803D0</key>
		<dict>
			<key>isa</key>
			<string>PBXTargetDependency</string>
			<key>target</key>
			<string>DA1B8846188EA47600B803D0</string>
			<key>targetProxy</key>
			<string>DA1B8870188EA47600B803D0</string>
		</dict>
		<key>DA1B8872188EA47600B803D0</key>
		<dict>
			<key>children</key>
			<array>
				<string>DA1B8878188EA47600B803D0</string>
				<string>DA1B8873188EA47600B803D0</string>
			</array>
			<key>isa</key>
			<string>PBXGroup</string>
			<key>path</key>
			<string>PMUserDefaultsCacheExampleTests</string>
			<key>sourceTree</key>
			<string>&lt;group&gt;</string>
		</dict>
		<key>DA1B8873188EA47600B803D0</key>
		<dict>
			<key>children</key>
			<array>
				<string>DA1B8874188EA47600B803D0</string>
				<string>DA1B8875188EA47600B803D0</string>
			</array>
			<key>isa</key>
			<string>PBXGroup</string>
			<key>name</key>
			<string>Supporting Files</string>
			<key>sourceTree</key>
			<string>&lt;group&gt;</string>
		</dict>
		<key>DA1B8874188EA47600B803D0</key>
		<dict>
			<key>isa</key>
			<string>PBXFileReference</string>
			<key>lastKnownFileType</key>
			<string>text.plist.xml</string>
			<key>path</key>
			<string>PMUserDefaultsCacheExampleTests-Info.plist</string>
			<key>sourceTree</key>
			<string>&lt;group&gt;</string>
		</dict>
		<key>DA1B8875188EA47600B803D0</key>
		<dict>
			<key>children</key>
			<array>
				<string>DA1B8876188EA47600B803D0</string>
			</array>
			<key>isa</key>
			<string>PBXVariantGroup</string>
			<key>name</key>
			<string>InfoPlist.strings</string>
			<key>sourceTree</key>
			<string>&lt;group&gt;</string>
		</dict>
		<key>DA1B8876188EA47600B803D0</key>
		<dict>
			<key>isa</key>
			<string>PBXFileReference</string>
			<key>lastKnownFileType</key>
			<string>text.plist.strings</string>
			<key>name</key>
			<string>en</string>
			<key>path</key>
			<string>en.lproj/InfoPlist.strings</string>
			<key>sourceTree</key>
			<string>&lt;group&gt;</string>
		</dict>
		<key>DA1B8877188EA47600B803D0</key>
		<dict>
			<key>fileRef</key>
			<string>DA1B8875188EA47600B803D0</string>
			<key>isa</key>
			<string>PBXBuildFile</string>
		</dict>
		<key>DA1B8878188EA47600B803D0</key>
		<dict>
			<key>isa</key>
			<string>PBXFileReference</string>
			<key>lastKnownFileType</key>
			<string>sourcecode.c.objc</string>
			<key>path</key>
			<string>PMUserDefaultsCacheExampleTests.m</string>
			<key>sourceTree</key>
			<string>&lt;group&gt;</string>
		</dict>
		<key>DA1B8879188EA47600B803D0</key>
		<dict>
			<key>fileRef</key>
			<string>DA1B8878188EA47600B803D0</string>
			<key>isa</key>
			<string>PBXBuildFile</string>
		</dict>
		<key>DA1B887A188EA47700B803D0</key>
		<dict>
			<key>buildSettings</key>
			<dict>
				<key>ALWAYS_SEARCH_USER_PATHS</key>
				<string>NO</string>
				<key>ARCHS</key>
				<string>$(ARCHS_STANDARD_INCLUDING_64_BIT)</string>
				<key>CLANG_CXX_LANGUAGE_STANDARD</key>
				<string>gnu++0x</string>
				<key>CLANG_CXX_LIBRARY</key>
				<string>libc++</string>
				<key>CLANG_ENABLE_MODULES</key>
				<string>YES</string>
				<key>CLANG_ENABLE_OBJC_ARC</key>
				<string>YES</string>
				<key>CLANG_WARN_BOOL_CONVERSION</key>
				<string>YES</string>
				<key>CLANG_WARN_CONSTANT_CONVERSION</key>
				<string>YES</string>
				<key>CLANG_WARN_DIRECT_OBJC_ISA_USAGE</key>
				<string>YES_ERROR</string>
				<key>CLANG_WARN_EMPTY_BODY</key>
				<string>YES</string>
				<key>CLANG_WARN_ENUM_CONVERSION</key>
				<string>YES</string>
				<key>CLANG_WARN_INT_CONVERSION</key>
				<string>YES</string>
				<key>CLANG_WARN_OBJC_ROOT_CLASS</key>
				<string>YES_ERROR</string>
				<key>CLANG_WARN__DUPLICATE_METHOD_MATCH</key>
				<string>YES</string>
				<key>CODE_SIGN_IDENTITY[sdk=iphoneos*]</key>
				<string>iPhone Developer</string>
				<key>COPY_PHASE_STRIP</key>
				<string>NO</string>
				<key>GCC_C_LANGUAGE_STANDARD</key>
				<string>gnu99</string>
				<key>GCC_DYNAMIC_NO_PIC</key>
				<string>NO</string>
				<key>GCC_OPTIMIZATION_LEVEL</key>
				<string>0</string>
				<key>GCC_PREPROCESSOR_DEFINITIONS</key>
				<array>
					<string>DEBUG=1</string>
					<string>$(inherited)</string>
				</array>
				<key>GCC_SYMBOLS_PRIVATE_EXTERN</key>
				<string>NO</string>
				<key>GCC_WARN_64_TO_32_BIT_CONVERSION</key>
				<string>YES</string>
				<key>GCC_WARN_ABOUT_RETURN_TYPE</key>
				<string>YES_ERROR</string>
				<key>GCC_WARN_UNDECLARED_SELECTOR</key>
				<string>YES</string>
				<key>GCC_WARN_UNINITIALIZED_AUTOS</key>
				<string>YES</string>
				<key>GCC_WARN_UNUSED_FUNCTION</key>
				<string>YES</string>
				<key>GCC_WARN_UNUSED_VARIABLE</key>
				<string>YES</string>
				<key>IPHONEOS_DEPLOYMENT_TARGET</key>
				<string>7.0</string>
				<key>ONLY_ACTIVE_ARCH</key>
				<string>YES</string>
				<key>SDKROOT</key>
				<string>iphoneos</string>
				<key>TARGETED_DEVICE_FAMILY</key>
				<string>1,2</string>
			</dict>
			<key>isa</key>
			<string>XCBuildConfiguration</string>
			<key>name</key>
			<string>Debug</string>
		</dict>
		<key>DA1B887B188EA47700B803D0</key>
		<dict>
			<key>buildSettings</key>
			<dict>
				<key>ALWAYS_SEARCH_USER_PATHS</key>
				<string>NO</string>
				<key>ARCHS</key>
				<string>$(ARCHS_STANDARD_INCLUDING_64_BIT)</string>
				<key>CLANG_CXX_LANGUAGE_STANDARD</key>
				<string>gnu++0x</string>
				<key>CLANG_CXX_LIBRARY</key>
				<string>libc++</string>
				<key>CLANG_ENABLE_MODULES</key>
				<string>YES</string>
				<key>CLANG_ENABLE_OBJC_ARC</key>
				<string>YES</string>
				<key>CLANG_WARN_BOOL_CONVERSION</key>
				<string>YES</string>
				<key>CLANG_WARN_CONSTANT_CONVERSION</key>
				<string>YES</string>
				<key>CLANG_WARN_DIRECT_OBJC_ISA_USAGE</key>
				<string>YES_ERROR</string>
				<key>CLANG_WARN_EMPTY_BODY</key>
				<string>YES</string>
				<key>CLANG_WARN_ENUM_CONVERSION</key>
				<string>YES</string>
				<key>CLANG_WARN_INT_CONVERSION</key>
				<string>YES</string>
				<key>CLANG_WARN_OBJC_ROOT_CLASS</key>
				<string>YES_ERROR</string>
				<key>CLANG_WARN__DUPLICATE_METHOD_MATCH</key>
				<string>YES</string>
				<key>CODE_SIGN_IDENTITY[sdk=iphoneos*]</key>
				<string>iPhone Developer</string>
				<key>COPY_PHASE_STRIP</key>
				<string>YES</string>
				<key>ENABLE_NS_ASSERTIONS</key>
				<string>NO</string>
				<key>GCC_C_LANGUAGE_STANDARD</key>
				<string>gnu99</string>
				<key>GCC_WARN_64_TO_32_BIT_CONVERSION</key>
				<string>YES</string>
				<key>GCC_WARN_ABOUT_RETURN_TYPE</key>
				<string>YES_ERROR</string>
				<key>GCC_WARN_UNDECLARED_SELECTOR</key>
				<string>YES</string>
				<key>GCC_WARN_UNINITIALIZED_AUTOS</key>
				<string>YES</string>
				<key>GCC_WARN_UNUSED_FUNCTION</key>
				<string>YES</string>
				<key>GCC_WARN_UNUSED_VARIABLE</key>
				<string>YES</string>
				<key>IPHONEOS_DEPLOYMENT_TARGET</key>
				<string>7.0</string>
				<key>SDKROOT</key>
				<string>iphoneos</string>
				<key>TARGETED_DEVICE_FAMILY</key>
				<string>1,2</string>
				<key>VALIDATE_PRODUCT</key>
				<string>YES</string>
			</dict>
			<key>isa</key>
			<string>XCBuildConfiguration</string>
			<key>name</key>
			<string>Release</string>
		</dict>
		<key>DA1B887C188EA47700B803D0</key>
		<dict>
			<key>buildConfigurations</key>
			<array>
				<string>DA1B887D188EA47700B803D0</string>
				<string>DA1B887E188EA47700B803D0</string>
			</array>
			<key>defaultConfigurationIsVisible</key>
			<string>0</string>
			<key>defaultConfigurationName</key>
			<string>Release</string>
			<key>isa</key>
			<string>XCConfigurationList</string>
		</dict>
		<key>DA1B887D188EA47700B803D0</key>
		<dict>
			<key>baseConfigurationReference</key>
			<string>CE3DC6C9804C429A92760E1F</string>
			<key>buildSettings</key>
			<dict>
				<key>ASSETCATALOG_COMPILER_APPICON_NAME</key>
				<string>AppIcon</string>
				<key>ASSETCATALOG_COMPILER_LAUNCHIMAGE_NAME</key>
				<string>LaunchImage</string>
				<key>GCC_PRECOMPILE_PREFIX_HEADER</key>
				<string>YES</string>
				<key>GCC_PREFIX_HEADER</key>
				<string>PMUserDefaultsCacheExample/PMUserDefaultsCacheExample-Prefix.pch</string>
				<key>INFOPLIST_FILE</key>
				<string>PMUserDefaultsCacheExample/PMUserDefaultsCacheExample-Info.plist</string>
				<key>PRODUCT_NAME</key>
				<string>$(TARGET_NAME)</string>
				<key>WRAPPER_EXTENSION</key>
				<string>app</string>
			</dict>
			<key>isa</key>
			<string>XCBuildConfiguration</string>
			<key>name</key>
			<string>Debug</string>
		</dict>
		<key>DA1B887E188EA47700B803D0</key>
		<dict>
			<key>baseConfigurationReference</key>
			<string>CE3DC6C9804C429A92760E1F</string>
			<key>buildSettings</key>
			<dict>
				<key>ASSETCATALOG_COMPILER_APPICON_NAME</key>
				<string>AppIcon</string>
				<key>ASSETCATALOG_COMPILER_LAUNCHIMAGE_NAME</key>
				<string>LaunchImage</string>
				<key>GCC_PRECOMPILE_PREFIX_HEADER</key>
				<string>YES</string>
				<key>GCC_PREFIX_HEADER</key>
				<string>PMUserDefaultsCacheExample/PMUserDefaultsCacheExample-Prefix.pch</string>
				<key>INFOPLIST_FILE</key>
				<string>PMUserDefaultsCacheExample/PMUserDefaultsCacheExample-Info.plist</string>
				<key>PRODUCT_NAME</key>
				<string>$(TARGET_NAME)</string>
				<key>WRAPPER_EXTENSION</key>
				<string>app</string>
			</dict>
			<key>isa</key>
			<string>XCBuildConfiguration</string>
			<key>name</key>
			<string>Release</string>
		</dict>
		<key>DA1B887F188EA47700B803D0</key>
		<dict>
			<key>buildConfigurations</key>
			<array>
				<string>DA1B8880188EA47700B803D0</string>
				<string>DA1B8881188EA47700B803D0</string>
			</array>
			<key>defaultConfigurationIsVisible</key>
			<string>0</string>
			<key>defaultConfigurationName</key>
			<string>Release</string>
			<key>isa</key>
			<string>XCConfigurationList</string>
		</dict>
		<key>DA1B8880188EA47700B803D0</key>
		<dict>
			<key>baseConfigurationReference</key>
			<string>7CA77A7E3F6B4299B0FE1E85</string>
			<key>buildSettings</key>
			<dict>
				<key>ARCHS</key>
				<string>$(ARCHS_STANDARD_INCLUDING_64_BIT)</string>
				<key>BUNDLE_LOADER</key>
				<string>$(BUILT_PRODUCTS_DIR)/PMUserDefaultsCacheExample.app/PMUserDefaultsCacheExample</string>
				<key>FRAMEWORK_SEARCH_PATHS</key>
				<array>
					<string>$(SDKROOT)/Developer/Library/Frameworks</string>
					<string>$(inherited)</string>
					<string>$(DEVELOPER_FRAMEWORKS_DIR)</string>
				</array>
				<key>GCC_PRECOMPILE_PREFIX_HEADER</key>
				<string>YES</string>
				<key>GCC_PREFIX_HEADER</key>
				<string>PMUserDefaultsCacheExample/PMUserDefaultsCacheExample-Prefix.pch</string>
				<key>GCC_PREPROCESSOR_DEFINITIONS</key>
				<array>
					<string>DEBUG=1</string>
					<string>$(inherited)</string>
				</array>
				<key>INFOPLIST_FILE</key>
				<string>PMUserDefaultsCacheExampleTests/PMUserDefaultsCacheExampleTests-Info.plist</string>
				<key>PRODUCT_NAME</key>
				<string>$(TARGET_NAME)</string>
				<key>TEST_HOST</key>
				<string>$(BUNDLE_LOADER)</string>
				<key>WRAPPER_EXTENSION</key>
				<string>xctest</string>
			</dict>
			<key>isa</key>
			<string>XCBuildConfiguration</string>
			<key>name</key>
			<string>Debug</string>
		</dict>
		<key>DA1B8881188EA47700B803D0</key>
		<dict>
			<key>baseConfigurationReference</key>
			<string>7CA77A7E3F6B4299B0FE1E85</string>
			<key>buildSettings</key>
			<dict>
				<key>ARCHS</key>
				<string>$(ARCHS_STANDARD_INCLUDING_64_BIT)</string>
				<key>BUNDLE_LOADER</key>
				<string>$(BUILT_PRODUCTS_DIR)/PMUserDefaultsCacheExample.app/PMUserDefaultsCacheExample</string>
				<key>FRAMEWORK_SEARCH_PATHS</key>
				<array>
					<string>$(SDKROOT)/Developer/Library/Frameworks</string>
					<string>$(inherited)</string>
					<string>$(DEVELOPER_FRAMEWORKS_DIR)</string>
				</array>
				<key>GCC_PRECOMPILE_PREFIX_HEADER</key>
				<string>YES</string>
				<key>GCC_PREFIX_HEADER</key>
				<string>PMUserDefaultsCacheExample/PMUserDefaultsCacheExample-Prefix.pch</string>
				<key>INFOPLIST_FILE</key>
				<string>PMUserDefaultsCacheExampleTests/PMUserDefaultsCacheExampleTests-Info.plist</string>
				<key>PRODUCT_NAME</key>
				<string>$(TARGET_NAME)</string>
				<key>TEST_HOST</key>
				<string>$(BUNDLE_LOADER)</string>
				<key>WRAPPER_EXTENSION</key>
				<string>xctest</string>
			</dict>
			<key>isa</key>
			<string>XCBuildConfiguration</string>
			<key>name</key>
			<string>Release</string>
		</dict>
		<key>DA1B8882188EA97600B803D0</key>
		<dict>
			<key>children</key>
			<array>
				<string>DA1B8883188EA97600B803D0</string>
				<string>DA1B8884188EA97600B803D0</string>
			</array>
			<key>isa</key>
			<string>PBXGroup</string>
			<key>path</key>
			<string>PMUserDefaultsCache</string>
			<key>sourceTree</key>
			<string>&lt;group&gt;</string>
		</dict>
		<key>DA1B8883188EA97600B803D0</key>
		<dict>
			<key>fileEncoding</key>
			<string>4</string>
			<key>isa</key>
			<string>PBXFileReference</string>
			<key>lastKnownFileType</key>
			<string>sourcecode.c.h</string>
			<key>path</key>
			<string>PMUserDefaultsCache.h</string>
			<key>sourceTree</key>
			<string>&lt;group&gt;</string>
		</dict>
		<key>DA1B8884188EA97600B803D0</key>
		<dict>
			<key>fileEncoding</key>
			<string>4</string>
			<key>isa</key>
			<string>PBXFileReference</string>
			<key>lastKnownFileType</key>
			<string>sourcecode.c.objc</string>
			<key>path</key>
			<string>PMUserDefaultsCache.m</string>
			<key>sourceTree</key>
			<string>&lt;group&gt;</string>
		</dict>
		<key>DA1B8885188EA97600B803D0</key>
		<dict>
			<key>fileRef</key>
			<string>DA1B8884188EA97600B803D0</string>
			<key>isa</key>
			<string>PBXBuildFile</string>
		</dict>
		<key>F636601CDE1147A4A04E22CA</key>
		<dict>
			<key>fileRef</key>
			<string>56D856F4522A4E60A79AEE80</string>
			<key>isa</key>
			<string>PBXBuildFile</string>
		</dict>
	</dict>
	<key>rootObject</key>
	<string>DA1B883F188EA47600B803D0</string>
</dict>
</plist>
